
Microsoft Visual Studio Solution File, Format Version 12.00
# Visual Studio 15
Project("{FAE04EC0-301F-11D3-BF4B-00C04F79EFBC}") = "EntityFramework", "EntityFramework\EntityFramework.csproj", "{B81D4C13-9B9A-4235-88EC-5E89992E4FBF}"
EndProject
Project("{FAE04EC0-301F-11D3-BF4B-00C04F79EFBC}") = "Northwind", "Northwind\Northwind.csproj", "{5C0504AC-B271-4E2E-A3DA-18FCE30CF316}"
EndProject
Global
	GlobalSection(SolutionConfigurationPlatforms) = preSolution
		Debug|Any CPU = Debug|Any CPU
		Release|Any CPU = Release|Any CPU
	EndGlobalSection
	GlobalSection(ProjectConfigurationPlatforms) = postSolution
		{B81D4C13-9B9A-4235-88EC-5E89992E4FBF}.Debug|Any CPU.ActiveCfg = Debug|Any CPU
		{B81D4C13-9B9A-4235-88EC-5E89992E4FBF}.Debug|Any CPU.Build.0 = Debug|Any CPU
		{B81D4C13-9B9A-4235-88EC-5E89992E4FBF}.Release|Any CPU.ActiveCfg = Release|Any CPU
		{B81D4C13-9B9A-4235-88EC-5E89992E4FBF}.Release|Any CPU.Build.0 = Release|Any CPU
		{5C0504AC-B271-4E2E-A3DA-18FCE30CF316}.Debug|Any CPU.ActiveCfg = Debug|Any CPU
		{5C0504AC-B271-4E2E-A3DA-18FCE30CF316}.Debug|Any CPU.Build.0 = Debug|Any CPU
		{5C0504AC-B271-4E2E-A3DA-18FCE30CF316}.Release|Any CPU.ActiveCfg = Release|Any CPU
		{5C0504AC-B271-4E2E-A3DA-18FCE30CF316}.Release|Any CPU.Build.0 = Release|Any CPU
	EndGlobalSection
EndGlobal
